
Microsoft Visual Studio Solution File, Format Version 12.00
# Visual Studio Version 16
VisualStudioVersion = 16.0.29806.167
MinimumVisualStudioVersion = 10.0.40219.1
Project("{FAE04EC0-301F-11D3-BF4B-00C04F79EFBC}") = "Pb.Ninja.Console", "Pb.Ninja.Console\Pb.Ninja.Console.csproj", "{9DE1BFD2-0087-4660-927C-1EC93C141E5F}"
EndProject
Project("{FAE04EC0-301F-11D3-BF4B-00C04F79EFBC}") = "Pb.Ninja.Service", "Pb.Ninja.Service\Pb.Ninja.Service.csproj", "{01498DF4-C419-4B6F-8BE3-C2953D4CB66E}"
EndProject
Project("{FAE04EC0-301F-11D3-BF4B-00C04F79EFBC}") = "Pb.Ninja.Models", "Pb.Ninja.Models\Pb.Ninja.Models.csproj", "{2573A13D-9A11-47A7-954E-79944033AC1E}"
EndProject
Global
	GlobalSection(SolutionConfigurationPlatforms) = preSolution
		Debug|Any CPU = Debug|Any CPU
		Release|Any CPU = Release|Any CPU
	EndGlobalSection
	GlobalSection(ProjectConfigurationPlatforms) = postSolution
		{9DE1BFD2-0087-4660-927C-1EC93C141E5F}.Debug|Any CPU.ActiveCfg = Debug|Any CPU
		{9DE1BFD2-0087-4660-927C-1EC93C141E5F}.Debug|Any CPU.Build.0 = Debug|Any CPU
		{9DE1BFD2-0087-4660-927C-1EC93C141E5F}.Release|Any CPU.ActiveCfg = Release|Any CPU
		{9DE1BFD2-0087-4660-927C-1EC93C141E5F}.Release|Any CPU.Build.0 = Release|Any CPU
		{01498DF4-C419-4B6F-8BE3-C2953D4CB66E}.Debug|Any CPU.ActiveCfg = Debug|Any CPU
		{01498DF4-C419-4B6F-8BE3-C2953D4CB66E}.Debug|Any CPU.Build.0 = Debug|Any CPU
		{01498DF4-C419-4B6F-8BE3-C2953D4CB66E}.Release|Any CPU.ActiveCfg = Release|Any CPU
		{01498DF4-C419-4B6F-8BE3-C2953D4CB66E}.Release|Any CPU.Build.0 = Release|Any CPU
		{2573A13D-9A11-47A7-954E-79944033AC1E}.Debug|Any CPU.ActiveCfg = Debug|Any CPU
		{2573A13D-9A11-47A7-954E-79944033AC1E}.Debug|Any CPU.Build.0 = Debug|Any CPU
		{2573A13D-9A11-47A7-954E-79944033AC1E}.Release|Any CPU.ActiveCfg = Release|Any CPU
		{2573A13D-9A11-47A7-954E-79944033AC1E}.Release|Any CPU.Build.0 = Release|Any CPU
	EndGlobalSection
	GlobalSection(SolutionProperties) = preSolution
		HideSolutionNode = FALSE
	EndGlobalSection
	GlobalSection(ExtensibilityGlobals) = postSolution
		SolutionGuid = {4A866254-5F0D-4CEB-9FF2-F29D17A7A155}
	EndGlobalSection
EndGlobal
